// !$*UTF8*$!
{
	archiveVersion = 1;
	classes = {
	};
	objectVersion = 48;
	objects = {

/* Begin PBXBuildFile section */
		04BD55819B5380352E527690 /* Pods_TeamupKit_Example.framework in Frameworks */ = {isa = PBXBuildFile; fileRef = 92F079B93AF21C455EA6C0E6 /* Pods_TeamupKit_Example.framework */; };
		D6319F621EF06A220057E3E3 /* Credentials.plist in Resources */ = {isa = PBXBuildFile; fileRef = D6319F611EF06A220057E3E3 /* Credentials.plist */; };
		D6F9EA441EEBE927002ABF64 /* AppDelegate.swift in Sources */ = {isa = PBXBuildFile; fileRef = D6F9EA431EEBE927002ABF64 /* AppDelegate.swift */; };
		D6F9EA461EEBE927002ABF64 /* ViewController.swift in Sources */ = {isa = PBXBuildFile; fileRef = D6F9EA451EEBE927002ABF64 /* ViewController.swift */; };
		D6F9EA491EEBE927002ABF64 /* Main.storyboard in Resources */ = {isa = PBXBuildFile; fileRef = D6F9EA471EEBE927002ABF64 /* Main.storyboard */; };
		D6F9EA4B1EEBE927002ABF64 /* Assets.xcassets in Resources */ = {isa = PBXBuildFile; fileRef = D6F9EA4A1EEBE927002ABF64 /* Assets.xcassets */; };
		D6F9EA4E1EEBE927002ABF64 /* LaunchScreen.storyboard in Resources */ = {isa = PBXBuildFile; fileRef = D6F9EA4C1EEBE927002ABF64 /* LaunchScreen.storyboard */; };
		D6F9EA7E1EEBEA52002ABF64 /* TeamupKit.framework in Frameworks */ = {isa = PBXBuildFile; fileRef = D6F9EA7D1EEBEA52002ABF64 /* TeamupKit.framework */; };
		D6F9EA7F1EEBEA52002ABF64 /* TeamupKit.framework in Embed Frameworks */ = {isa = PBXBuildFile; fileRef = D6F9EA7D1EEBEA52002ABF64 /* TeamupKit.framework */; settings = {ATTRIBUTES = (CodeSignOnCopy, RemoveHeadersOnCopy, ); }; };
/* End PBXBuildFile section */

/* Begin PBXCopyFilesBuildPhase section */
		D6F9EA801EEBEA52002ABF64 /* Embed Frameworks */ = {
			isa = PBXCopyFilesBuildPhase;
			buildActionMask = 2147483647;
			dstPath = "";
			dstSubfolderSpec = 10;
			files = (
				D6F9EA7F1EEBEA52002ABF64 /* TeamupKit.framework in Embed Frameworks */,
			);
			name = "Embed Frameworks";
			runOnlyForDeploymentPostprocessing = 0;
		};
/* End PBXCopyFilesBuildPhase section */

/* Begin PBXFileReference section */
		3C10EB393C07BE911920D56A /* Pods-TeamupKit-Example.release.xcconfig */ = {isa = PBXFileReference; includeInIndex = 1; lastKnownFileType = text.xcconfig; name = "Pods-TeamupKit-Example.release.xcconfig"; path = "../Pods/Target Support Files/Pods-TeamupKit-Example/Pods-TeamupKit-Example.release.xcconfig"; sourceTree = "<group>"; };
		3CBEA11D6B85A74E63C5B93D /* Pods-TeamupKit-Example.debug.xcconfig */ = {isa = PBXFileReference; includeInIndex = 1; lastKnownFileType = text.xcconfig; name = "Pods-TeamupKit-Example.debug.xcconfig"; path = "../Pods/Target Support Files/Pods-TeamupKit-Example/Pods-TeamupKit-Example.debug.xcconfig"; sourceTree = "<group>"; };
		4681A3A61FBB81C100C0B3BD /* TeamupKit.framework */ = {isa = PBXFileReference; lastKnownFileType = wrapper.framework; name = TeamupKit.framework; path = "../../../../Library/Developer/Xcode/DerivedData/TeamUpKit-hdoqaiehchbivsflowsnovntekhk/Build/Products/Debug-iphoneos/TeamupKit.framework"; sourceTree = "<group>"; };
		92F079B93AF21C455EA6C0E6 /* Pods_TeamupKit_Example.framework */ = {isa = PBXFileReference; explicitFileType = wrapper.framework; includeInIndex = 0; path = Pods_TeamupKit_Example.framework; sourceTree = BUILT_PRODUCTS_DIR; };
		D6319F611EF06A220057E3E3 /* Credentials.plist */ = {isa = PBXFileReference; lastKnownFileType = text.plist.xml; path = Credentials.plist; sourceTree = "<group>"; };
		D6F9EA401EEBE927002ABF64 /* TeamupKit-Example.app */ = {isa = PBXFileReference; explicitFileType = wrapper.application; includeInIndex = 0; path = "TeamupKit-Example.app"; sourceTree = BUILT_PRODUCTS_DIR; };
		D6F9EA431EEBE927002ABF64 /* AppDelegate.swift */ = {isa = PBXFileReference; lastKnownFileType = sourcecode.swift; path = AppDelegate.swift; sourceTree = "<group>"; };
		D6F9EA451EEBE927002ABF64 /* ViewController.swift */ = {isa = PBXFileReference; lastKnownFileType = sourcecode.swift; path = ViewController.swift; sourceTree = "<group>"; };
		D6F9EA481EEBE927002ABF64 /* Base */ = {isa = PBXFileReference; lastKnownFileType = file.storyboard; name = Base; path = Base.lproj/Main.storyboard; sourceTree = "<group>"; };
		D6F9EA4A1EEBE927002ABF64 /* Assets.xcassets */ = {isa = PBXFileReference; lastKnownFileType = folder.assetcatalog; path = Assets.xcassets; sourceTree = "<group>"; };
		D6F9EA4D1EEBE927002ABF64 /* Base */ = {isa = PBXFileReference; lastKnownFileType = file.storyboard; name = Base; path = Base.lproj/LaunchScreen.storyboard; sourceTree = "<group>"; };
		D6F9EA4F1EEBE927002ABF64 /* Info.plist */ = {isa = PBXFileReference; lastKnownFileType = text.plist.xml; path = Info.plist; sourceTree = "<group>"; };
		D6F9EA7D1EEBEA52002ABF64 /* TeamupKit.framework */ = {isa = PBXFileReference; explicitFileType = wrapper.framework; path = TeamupKit.framework; sourceTree = BUILT_PRODUCTS_DIR; };
/* End PBXFileReference section */

/* Begin PBXFrameworksBuildPhase section */
		D6F9EA3D1EEBE927002ABF64 /* Frameworks */ = {
			isa = PBXFrameworksBuildPhase;
			buildActionMask = 2147483647;
			files = (
				D6F9EA7E1EEBEA52002ABF64 /* TeamupKit.framework in Frameworks */,
				04BD55819B5380352E527690 /* Pods_TeamupKit_Example.framework in Frameworks */,
			);
			runOnlyForDeploymentPostprocessing = 0;
		};
/* End PBXFrameworksBuildPhase section */

/* Begin PBXGroup section */
		8ADDC3D805C2F93854309ED2 /* Frameworks */ = {
			isa = PBXGroup;
			children = (
				4681A3A61FBB81C100C0B3BD /* TeamupKit.framework */,
				92F079B93AF21C455EA6C0E6 /* Pods_TeamupKit_Example.framework */,
			);
			name = Frameworks;
			sourceTree = "<group>";
		};
		C5864A28DB9912801BE19071 /* Pods */ = {
			isa = PBXGroup;
			children = (
				3CBEA11D6B85A74E63C5B93D /* Pods-TeamupKit-Example.debug.xcconfig */,
				3C10EB393C07BE911920D56A /* Pods-TeamupKit-Example.release.xcconfig */,
			);
			name = Pods;
			sourceTree = "<group>";
		};
		D6F9EA371EEBE927002ABF64 = {
			isa = PBXGroup;
			children = (
				D6F9EA421EEBE927002ABF64 /* TeamupKit-Example */,
				D6F9EA411EEBE927002ABF64 /* Products */,
				D6F9EA7D1EEBEA52002ABF64 /* TeamupKit.framework */,
				C5864A28DB9912801BE19071 /* Pods */,
				8ADDC3D805C2F93854309ED2 /* Frameworks */,
			);
			sourceTree = "<group>";
		};
		D6F9EA411EEBE927002ABF64 /* Products */ = {
			isa = PBXGroup;
			children = (
				D6F9EA401EEBE927002ABF64 /* TeamupKit-Example.app */,
			);
			name = Products;
			sourceTree = "<group>";
		};
		D6F9EA421EEBE927002ABF64 /* TeamupKit-Example */ = {
			isa = PBXGroup;
			children = (
				D6F9EA431EEBE927002ABF64 /* AppDelegate.swift */,
				D6F9EA451EEBE927002ABF64 /* ViewController.swift */,
				D6F9EA471EEBE927002ABF64 /* Main.storyboard */,
				D6F9EA4A1EEBE927002ABF64 /* Assets.xcassets */,
				D6F9EA4C1EEBE927002ABF64 /* LaunchScreen.storyboard */,
				D6F9EA4F1EEBE927002ABF64 /* Info.plist */,
				D6319F611EF06A220057E3E3 /* Credentials.plist */,
			);
			path = "TeamupKit-Example";
			sourceTree = "<group>";
		};
/* End PBXGroup section */

/* Begin PBXNativeTarget section */
		D6F9EA3F1EEBE927002ABF64 /* TeamupKit-Example */ = {
			isa = PBXNativeTarget;
			buildConfigurationList = D6F9EA521EEBE927002ABF64 /* Build configuration list for PBXNativeTarget "TeamupKit-Example" */;
			buildPhases = (
				A2164CE88E6CFDAE8728B3E0 /* [CP] Check Pods Manifest.lock */,
				D6F9EA3C1EEBE927002ABF64 /* Sources */,
				D6F9EA3D1EEBE927002ABF64 /* Frameworks */,
				D6F9EA3E1EEBE927002ABF64 /* Resources */,
				D6F9EA801EEBEA52002ABF64 /* Embed Frameworks */,
				1F4158C815A782A3A03ADE89 /* [CP] Embed Pods Frameworks */,
				D7685AD435127ECDECCEB241 /* [CP] Copy Pods Resources */,
			);
			buildRules = (
			);
			dependencies = (
			);
			name = "TeamupKit-Example";
			productName = "TeamupKit-Example";
			productReference = D6F9EA401EEBE927002ABF64 /* TeamupKit-Example.app */;
			productType = "com.apple.product-type.application";
		};
/* End PBXNativeTarget section */

/* Begin PBXProject section */
		D6F9EA381EEBE927002ABF64 /* Project object */ = {
			isa = PBXProject;
			attributes = {
				LastSwiftUpdateCheck = 0900;
				LastUpgradeCheck = 0900;
				ORGANIZATIONNAME = "Merrick Sapsford";
				TargetAttributes = {
					D6F9EA3F1EEBE927002ABF64 = {
						CreatedOnToolsVersion = 9.0;
					};
				};
			};
			buildConfigurationList = D6F9EA3B1EEBE927002ABF64 /* Build configuration list for PBXProject "TeamupKit-Example" */;
			compatibilityVersion = "Xcode 8.0";
			developmentRegion = en;
			hasScannedForEncodings = 0;
			knownRegions = (
				en,
				Base,
			);
			mainGroup = D6F9EA371EEBE927002ABF64;
			productRefGroup = D6F9EA411EEBE927002ABF64 /* Products */;
			projectDirPath = "";
			projectRoot = "";
			targets = (
				D6F9EA3F1EEBE927002ABF64 /* TeamupKit-Example */,
			);
		};
/* End PBXProject section */

/* Begin PBXResourcesBuildPhase section */
		D6F9EA3E1EEBE927002ABF64 /* Resources */ = {
			isa = PBXResourcesBuildPhase;
			buildActionMask = 2147483647;
			files = (
				D6F9EA4E1EEBE927002ABF64 /* LaunchScreen.storyboard in Resources */,
				D6319F621EF06A220057E3E3 /* Credentials.plist in Resources */,
				D6F9EA4B1EEBE927002ABF64 /* Assets.xcassets in Resources */,
				D6F9EA491EEBE927002ABF64 /* Main.storyboard in Resources */,
			);
			runOnlyForDeploymentPostprocessing = 0;
		};
/* End PBXResourcesBuildPhase section */

/* Begin PBXShellScriptBuildPhase section */
		1F4158C815A782A3A03ADE89 /* [CP] Embed Pods Frameworks */ = {
			isa = PBXShellScriptBuildPhase;
			buildActionMask = 2147483647;
			files = (
			);
			inputPaths = (
				"${SRCROOT}/../Pods/Target Support Files/Pods-TeamupKit-Example/Pods-TeamupKit-Example-frameworks.sh",
				"${BUILT_PRODUCTS_DIR}/Alamofire/Alamofire.framework",
				"${BUILT_PRODUCTS_DIR}/KeychainSwift/KeychainSwift.framework",
			);
			name = "[CP] Embed Pods Frameworks";
			outputPaths = (
				"${TARGET_BUILD_DIR}/${FRAMEWORKS_FOLDER_PATH}/Alamofire.framework",
				"${TARGET_BUILD_DIR}/${FRAMEWORKS_FOLDER_PATH}/KeychainSwift.framework",
			);
			runOnlyForDeploymentPostprocessing = 0;
			shellPath = /bin/sh;
			shellScript = "\"${SRCROOT}/../Pods/Target Support Files/Pods-TeamupKit-Example/Pods-TeamupKit-Example-frameworks.sh\"\n";
			showEnvVarsInLog = 0;
		};
		A2164CE88E6CFDAE8728B3E0 /* [CP] Check Pods Manifest.lock */ = {
			isa = PBXShellScriptBuildPhase;
			buildActionMask = 2147483647;
			files = (
			);
			inputPaths = (
				"${PODS_PODFILE_DIR_PATH}/Podfile.lock",
				"${PODS_ROOT}/Manifest.lock",
			);
			name = "[CP] Check Pods Manifest.lock";
			outputPaths = (
				"$(DERIVED_FILE_DIR)/Pods-TeamupKit-Example-checkManifestLockResult.txt",
			);
			runOnlyForDeploymentPostprocessing = 0;
			shellPath = /bin/sh;
			shellScript = "diff \"${PODS_PODFILE_DIR_PATH}/Podfile.lock\" \"${PODS_ROOT}/Manifest.lock\" > /dev/null\nif [ $? != 0 ] ; then\n    # print error to STDERR\n    echo \"error: The sandbox is not in sync with the Podfile.lock. Run 'pod install' or update your CocoaPods installation.\" >&2\n    exit 1\nfi\n# This output is used by Xcode 'outputs' to avoid re-running this script phase.\necho \"SUCCESS\" > \"${SCRIPT_OUTPUT_FILE_0}\"\n";
			showEnvVarsInLog = 0;
		};
		D7685AD435127ECDECCEB241 /* [CP] Copy Pods Resources */ = {
			isa = PBXShellScriptBuildPhase;
			buildActionMask = 2147483647;
			files = (
			);
			inputPaths = (
			);
			name = "[CP] Copy Pods Resources";
			outputPaths = (
			);
			runOnlyForDeploymentPostprocessing = 0;
			shellPath = /bin/sh;
			shellScript = "\"${SRCROOT}/../Pods/Target Support Files/Pods-TeamupKit-Example/Pods-TeamupKit-Example-resources.sh\"\n";
			showEnvVarsInLog = 0;
		};
/* End PBXShellScriptBuildPhase section */

/* Begin PBXSourcesBuildPhase section */
		D6F9EA3C1EEBE927002ABF64 /* Sources */ = {
			isa = PBXSourcesBuildPhase;
			buildActionMask = 2147483647;
			files = (
				D6F9EA461EEBE927002ABF64 /* ViewController.swift in Sources */,
				D6F9EA441EEBE927002ABF64 /* AppDelegate.swift in Sources */,
			);
			runOnlyForDeploymentPostprocessing = 0;
		};
/* End PBXSourcesBuildPhase section */

/* Begin PBXVariantGroup section */
		D6F9EA471EEBE927002ABF64 /* Main.storyboard */ = {
			isa = PBXVariantGroup;
			children = (
				D6F9EA481EEBE927002ABF64 /* Base */,
			);
			name = Main.storyboard;
			sourceTree = "<group>";
		};
		D6F9EA4C1EEBE927002ABF64 /* LaunchScreen.storyboard */ = {
			isa = PBXVariantGroup;
			children = (
				D6F9EA4D1EEBE927002ABF64 /* Base */,
			);
			name = LaunchScreen.storyboard;
			sourceTree = "<group>";
		};
/* End PBXVariantGroup section */

/* Begin XCBuildConfiguration section */
		D6F9EA501EEBE927002ABF64 /* Debug */ = {
			isa = XCBuildConfiguration;
			buildSettings = {
				ALWAYS_SEARCH_USER_PATHS = NO;
				CLANG_ANALYZER_NONNULL = YES;
				CLANG_ANALYZER_NUMBER_OBJECT_CONVERSION = YES_AGGRESSIVE;
				CLANG_CXX_LANGUAGE_STANDARD = "gnu++14";
				CLANG_CXX_LIBRARY = "libc++";
				CLANG_ENABLE_MODULES = YES;
				CLANG_ENABLE_OBJC_ARC = YES;
				CLANG_WARN_BLOCK_CAPTURE_AUTORELEASING = YES;
				CLANG_WARN_BOOL_CONVERSION = YES;
				CLANG_WARN_COMMA = YES;
				CLANG_WARN_CONSTANT_CONVERSION = YES;
				CLANG_WARN_DIRECT_OBJC_ISA_USAGE = YES_ERROR;
				CLANG_WARN_DOCUMENTATION_COMMENTS = YES;
				CLANG_WARN_EMPTY_BODY = YES;
				CLANG_WARN_ENUM_CONVERSION = YES;
				CLANG_WARN_INFINITE_RECURSION = YES;
				CLANG_WARN_INT_CONVERSION = YES;
				CLANG_WARN_NON_LITERAL_NULL_CONVERSION = YES;
				CLANG_WARN_OBJC_LITERAL_CONVERSION = YES;
				CLANG_WARN_OBJC_ROOT_CLASS = YES_ERROR;
				CLANG_WARN_RANGE_LOOP_ANALYSIS = YES;
				CLANG_WARN_STRICT_PROTOTYPES = YES;
				CLANG_WARN_SUSPICIOUS_MOVE = YES;
				CLANG_WARN_UNGUARDED_AVAILABILITY = YES_AGGRESSIVE;
				CLANG_WARN_UNREACHABLE_CODE = YES;
				CLANG_WARN__DUPLICATE_METHOD_MATCH = YES;
				CODE_SIGN_IDENTITY = "iPhone Developer";
				COPY_PHASE_STRIP = NO;
				DEBUG_INFORMATION_FORMAT = dwarf;
				ENABLE_STRICT_OBJC_MSGSEND = YES;
				ENABLE_TESTABILITY = YES;
				GCC_C_LANGUAGE_STANDARD = gnu11;
				GCC_DYNAMIC_NO_PIC = NO;
				GCC_NO_COMMON_BLOCKS = YES;
				GCC_OPTIMIZATION_LEVEL = 0;
				GCC_PREPROCESSOR_DEFINITIONS = (
					"DEBUG=1",
					"$(inherited)",
				);
				GCC_WARN_64_TO_32_BIT_CONVERSION = YES;
				GCC_WARN_ABOUT_RETURN_TYPE = YES_ERROR;
				GCC_WARN_UNDECLARED_SELECTOR = YES;
				GCC_WARN_UNINITIALIZED_AUTOS = YES_AGGRESSIVE;
				GCC_WARN_UNUSED_FUNCTION = YES;
				GCC_WARN_UNUSED_VARIABLE = YES;
				IPHONEOS_DEPLOYMENT_TARGET = 9.0;
				MTL_ENABLE_DEBUG_INFO = YES;
				ONLY_ACTIVE_ARCH = YES;
				SDKROOT = iphoneos;
				SWIFT_ACTIVE_COMPILATION_CONDITIONS = DEBUG;
				SWIFT_OPTIMIZATION_LEVEL = "-Onone";
			};
			name = Debug;
		};
		D6F9EA511EEBE927002ABF64 /* Release */ = {
			isa = XCBuildConfiguration;
			buildSettings = {
				ALWAYS_SEARCH_USER_PATHS = NO;
				CLANG_ANALYZER_NONNULL = YES;
				CLANG_ANALYZER_NUMBER_OBJECT_CONVERSION = YES_AGGRESSIVE;
				CLANG_CXX_LANGUAGE_STANDARD = "gnu++14";
				CLANG_CXX_LIBRARY = "libc++";
				CLANG_ENABLE_MODULES = YES;
				CLANG_ENABLE_OBJC_ARC = YES;
				CLANG_WARN_BLOCK_CAPTURE_AUTORELEASING = YES;
				CLANG_WARN_BOOL_CONVERSION = YES;
				CLANG_WARN_COMMA = YES;
				CLANG_WARN_CONSTANT_CONVERSION = YES;
				CLANG_WARN_DIRECT_OBJC_ISA_USAGE = YES_ERROR;
				CLANG_WARN_DOCUMENTATION_COMMENTS = YES;
				CLANG_WARN_EMPTY_BODY = YES;
				CLANG_WARN_ENUM_CONVERSION = YES;
				CLANG_WARN_INFINITE_RECURSION = YES;
				CLANG_WARN_INT_CONVERSION = YES;
				CLANG_WARN_NON_LITERAL_NULL_CONVERSION = YES;
				CLANG_WARN_OBJC_LITERAL_CONVERSION = YES;
				CLANG_WARN_OBJC_ROOT_CLASS = YES_ERROR;
				CLANG_WARN_RANGE_LOOP_ANALYSIS = YES;
				CLANG_WARN_STRICT_PROTOTYPES = YES;
				CLANG_WARN_SUSPICIOUS_MOVE = YES;
				CLANG_WARN_UNGUARDED_AVAILABILITY = YES_AGGRESSIVE;
				CLANG_WARN_UNREACHABLE_CODE = YES;
				CLANG_WARN__DUPLICATE_METHOD_MATCH = YES;
				CODE_SIGN_IDENTITY = "iPhone Developer";
				COPY_PHASE_STRIP = NO;
				DEBUG_INFORMATION_FORMAT = "dwarf-with-dsym";
				ENABLE_NS_ASSERTIONS = NO;
				ENABLE_STRICT_OBJC_MSGSEND = YES;
				GCC_C_LANGUAGE_STANDARD = gnu11;
				GCC_NO_COMMON_BLOCKS = YES;
				GCC_WARN_64_TO_32_BIT_CONVERSION = YES;
				GCC_WARN_ABOUT_RETURN_TYPE = YES_ERROR;
				GCC_WARN_UNDECLARED_SELECTOR = YES;
				GCC_WARN_UNINITIALIZED_AUTOS = YES_AGGRESSIVE;
				GCC_WARN_UNUSED_FUNCTION = YES;
				GCC_WARN_UNUSED_VARIABLE = YES;
				IPHONEOS_DEPLOYMENT_TARGET = 9.0;
				MTL_ENABLE_DEBUG_INFO = NO;
				SDKROOT = iphoneos;
				SWIFT_OPTIMIZATION_LEVEL = "-Owholemodule";
				VALIDATE_PRODUCT = YES;
			};
			name = Release;
		};
		D6F9EA531EEBE927002ABF64 /* Debug */ = {
			isa = XCBuildConfiguration;
			baseConfigurationReference = 3CBEA11D6B85A74E63C5B93D /* Pods-TeamupKit-Example.debug.xcconfig */;
			buildSettings = {
				ASSETCATALOG_COMPILER_APPICON_NAME = AppIcon;
				INFOPLIST_FILE = "TeamupKit-Example/Info.plist";
				LD_RUNPATH_SEARCH_PATHS = "$(inherited) @executable_path/Frameworks";
				PRODUCT_BUNDLE_IDENTIFIER = "com.msapsford.TeamupKit-Example";
				PRODUCT_NAME = "$(TARGET_NAME)";
				SWIFT_VERSION = 4.0;
				TARGETED_DEVICE_FAMILY = "1,2";
			};
			name = Debug;
		};
		D6F9EA541EEBE927002ABF64 /* Release */ = {
			isa = XCBuildConfiguration;
			baseConfigurationReference = 3C10EB393C07BE911920D56A /* Pods-TeamupKit-Example.release.xcconfig */;
			buildSettings = {
				ASSETCATALOG_COMPILER_APPICON_NAME = AppIcon;
				INFOPLIST_FILE = "TeamupKit-Example/Info.plist";
				LD_RUNPATH_SEARCH_PATHS = "$(inherited) @executable_path/Frameworks";
				PRODUCT_BUNDLE_IDENTIFIER = "com.msapsford.TeamupKit-Example";
				PRODUCT_NAME = "$(TARGET_NAME)";
				SWIFT_VERSION = 4.0;
				TARGETED_DEVICE_FAMILY = "1,2";
			};
			name = Release;
		};
/* End XCBuildConfiguration section */

/* Begin XCConfigurationList section */
		D6F9EA3B1EEBE927002ABF64 /* Build configuration list for PBXProject "TeamupKit-Example" */ = {
			isa = XCConfigurationList;
			buildConfigurations = (
				D6F9EA501EEBE927002ABF64 /* Debug */,
				D6F9EA511EEBE927002ABF64 /* Release */,
			);
			defaultConfigurationIsVisible = 0;
			defaultConfigurationName = Release;
		};
		D6F9EA521EEBE927002ABF64 /* Build configuration list for PBXNativeTarget "TeamupKit-Example" */ = {
			isa = XCConfigurationList;
			buildConfigurations = (
				D6F9EA531EEBE927002ABF64 /* Debug */,
				D6F9EA541EEBE927002ABF64 /* Release */,
			);
			defaultConfigurationIsVisible = 0;
			defaultConfigurationName = Release;
		};
/* End XCConfigurationList section */
	};
	rootObject = D6F9EA381EEBE927002ABF64 /* Project object */;
}
